
Microsoft Visual Studio Solution File, Format Version 12.00
# Visual Studio Version 16
VisualStudioVersion = 16.0.29709.97
MinimumVisualStudioVersion = 10.0.40219.1
Project("{9A19103F-16F7-4668-BE54-9A1E7A4F7556}") = "hw1", "hw1\hw1.csproj", "{40B82157-29E0-4AED-BEC6-0990F47AA5EC}"
EndProject
Project("{9A19103F-16F7-4668-BE54-9A1E7A4F7556}") = "hw2", "hw2\hw2.csproj", "{B0CB94F3-3410-4FEA-B944-B429B6AB6A6A}"
EndProject
Project("{9A19103F-16F7-4668-BE54-9A1E7A4F7556}") = "hw3", "hw3\hw3.csproj", "{79665108-DD03-4803-85E5-79EFC6355E0B}"
EndProject
Project("{9A19103F-16F7-4668-BE54-9A1E7A4F7556}") = "hw4", "hw4\hw4.csproj", "{5B501EE9-9803-417C-A3E4-0AD7707AF181}"
EndProject
Project("{FAE04EC0-301F-11D3-BF4B-00C04F79EFBC}") = "hw5", "hw5\hw5.csproj", "{AFE6D4A3-E6B5-4EC2-BA68-B6FE0D1484FC}"
EndProject
Global
	GlobalSection(SolutionConfigurationPlatforms) = preSolution
		Debug|Any CPU = Debug|Any CPU
		Release|Any CPU = Release|Any CPU
	EndGlobalSection
	GlobalSection(ProjectConfigurationPlatforms) = postSolution
		{40B82157-29E0-4AED-BEC6-0990F47AA5EC}.Debug|Any CPU.ActiveCfg = Debug|Any CPU
		{40B82157-29E0-4AED-BEC6-0990F47AA5EC}.Debug|Any CPU.Build.0 = Debug|Any CPU
		{40B82157-29E0-4AED-BEC6-0990F47AA5EC}.Release|Any CPU.ActiveCfg = Release|Any CPU
		{40B82157-29E0-4AED-BEC6-0990F47AA5EC}.Release|Any CPU.Build.0 = Release|Any CPU
		{B0CB94F3-3410-4FEA-B944-B429B6AB6A6A}.Debug|Any CPU.ActiveCfg = Debug|Any CPU
		{B0CB94F3-3410-4FEA-B944-B429B6AB6A6A}.Debug|Any CPU.Build.0 = Debug|Any CPU
		{B0CB94F3-3410-4FEA-B944-B429B6AB6A6A}.Release|Any CPU.ActiveCfg = Release|Any CPU
		{B0CB94F3-3410-4FEA-B944-B429B6AB6A6A}.Release|Any CPU.Build.0 = Release|Any CPU
		{79665108-DD03-4803-85E5-79EFC6355E0B}.Debug|Any CPU.ActiveCfg = Debug|Any CPU
		{79665108-DD03-4803-85E5-79EFC6355E0B}.Debug|Any CPU.Build.0 = Debug|Any CPU
		{79665108-DD03-4803-85E5-79EFC6355E0B}.Release|Any CPU.ActiveCfg = Release|Any CPU
		{79665108-DD03-4803-85E5-79EFC6355E0B}.Release|Any CPU.Build.0 = Release|Any CPU
		{5B501EE9-9803-417C-A3E4-0AD7707AF181}.Debug|Any CPU.ActiveCfg = Debug|Any CPU
		{5B501EE9-9803-417C-A3E4-0AD7707AF181}.Debug|Any CPU.Build.0 = Debug|Any CPU
		{5B501EE9-9803-417C-A3E4-0AD7707AF181}.Release|Any CPU.ActiveCfg = Release|Any CPU
		{5B501EE9-9803-417C-A3E4-0AD7707AF181}.Release|Any CPU.Build.0 = Release|Any CPU
		{AFE6D4A3-E6B5-4EC2-BA68-B6FE0D1484FC}.Debug|Any CPU.ActiveCfg = Debug|Any CPU
		{AFE6D4A3-E6B5-4EC2-BA68-B6FE0D1484FC}.Debug|Any CPU.Build.0 = Debug|Any CPU
		{AFE6D4A3-E6B5-4EC2-BA68-B6FE0D1484FC}.Release|Any CPU.ActiveCfg = Release|Any CPU
		{AFE6D4A3-E6B5-4EC2-BA68-B6FE0D1484FC}.Release|Any CPU.Build.0 = Release|Any CPU
	EndGlobalSection
	GlobalSection(SolutionProperties) = preSolution
		HideSolutionNode = FALSE
	EndGlobalSection
	GlobalSection(ExtensibilityGlobals) = postSolution
		SolutionGuid = {2990778D-F878-4B90-99EC-7891279AEBBA}
	EndGlobalSection
EndGlobal
